
Microsoft Visual Studio Solution File, Format Version 12.00
# Visual Studio 15
VisualStudioVersion = 15.0.26430.16
MinimumVisualStudioVersion = 10.0.40219.1
Project("{FAE04EC0-301F-11D3-BF4B-00C04F79EFBC}") = "BurtsonUnitTests", "BurtsonUnitTests.csproj", "{2C96635F-71B0-4044-B52D-9059D57F68CF}"
EndProject
Project("{FAE04EC0-301F-11D3-BF4B-00C04F79EFBC}") = "Burtson", "..\Burtson\Burtson.csproj", "{D5F3750B-BA33-4960-B282-948013EA2B81}"
EndProject
Global
	GlobalSection(SolutionConfigurationPlatforms) = preSolution
		Debug|Any CPU = Debug|Any CPU
		Release|Any CPU = Release|Any CPU
	EndGlobalSection
	GlobalSection(ProjectConfigurationPlatforms) = postSolution
		{2C96635F-71B0-4044-B52D-9059D57F68CF}.Debug|Any CPU.ActiveCfg = Debug|Any CPU
		{2C96635F-71B0-4044-B52D-9059D57F68CF}.Debug|Any CPU.Build.0 = Debug|Any CPU
		{2C96635F-71B0-4044-B52D-9059D57F68CF}.Release|Any CPU.ActiveCfg = Release|Any CPU
		{2C96635F-71B0-4044-B52D-9059D57F68CF}.Release|Any CPU.Build.0 = Release|Any CPU
		{D5F3750B-BA33-4960-B282-948013EA2B81}.Debug|Any CPU.ActiveCfg = Debug|Any CPU
		{D5F3750B-BA33-4960-B282-948013EA2B81}.Debug|Any CPU.Build.0 = Debug|Any CPU
		{D5F3750B-BA33-4960-B282-948013EA2B81}.Release|Any CPU.ActiveCfg = Release|Any CPU
		{D5F3750B-BA33-4960-B282-948013EA2B81}.Release|Any CPU.Build.0 = Release|Any CPU
	EndGlobalSection
	GlobalSection(SolutionProperties) = preSolution
		HideSolutionNode = FALSE
	EndGlobalSection
EndGlobal
